
Microsoft Visual Studio Solution File, Format Version 12.00
# Visual Studio Version 16
VisualStudioVersion = 16.0.29613.14
MinimumVisualStudioVersion = 10.0.40219.1
Project("{2150E333-8FDC-42A3-9474-1A3956D46DE8}") = "Presentation", "Presentation", "{41229BC6-50AE-4CE9-A913-2F6D19B8B6FF}"
EndProject
Project("{2150E333-8FDC-42A3-9474-1A3956D46DE8}") = "Tests", "Tests", "{98CB60B0-59C2-4135-ABDB-3DF1C1CD724B}"
EndProject
Project("{2150E333-8FDC-42A3-9474-1A3956D46DE8}") = "Core", "Core", "{72E54C86-B5E0-48DD-8B93-F60B84044905}"
EndProject
Project("{FAE04EC0-301F-11D3-BF4B-00C04F79EFBC}") = "Danske.MTM.Persistence", "Danske.MTM.Persistence\Danske.MTM.Persistence.csproj", "{D49414DB-766B-4B86-A041-40B7A275AD54}"
EndProject
Project("{FAE04EC0-301F-11D3-BF4B-00C04F79EFBC}") = "Danske.MTM.Application", "Danske.MTM.Application\Danske.MTM.Application.csproj", "{22FD0A52-F42A-448C-9240-21F1338C4636}"
EndProject
Project("{FAE04EC0-301F-11D3-BF4B-00C04F79EFBC}") = "Danske.MTM.WebApi", "Danske.MTM.WebApi\Danske.MTM.WebApi.csproj", "{6CC2ECB8-EAF0-40CD-8F7F-A0E257EE69CE}"
EndProject
Project("{FAE04EC0-301F-11D3-BF4B-00C04F79EFBC}") = "Danske.MTM.Application.Tests", "Danske.MTM.Application.Tests\Danske.MTM.Application.Tests.csproj", "{746503AE-0D38-4946-9D48-9B0B511D1929}"
EndProject
Project("{FAE04EC0-301F-11D3-BF4B-00C04F79EFBC}") = "Danske.MTM.WebApi.Tests", "Danske.MTM.WebApi.Tests\Danske.MTM.WebApi.Tests.csproj", "{4F37F61D-1B69-4E8B-9B0A-3C1299753760}"
EndProject
Global
	GlobalSection(SolutionConfigurationPlatforms) = preSolution
		Debug|Any CPU = Debug|Any CPU
		Release|Any CPU = Release|Any CPU
	EndGlobalSection
	GlobalSection(ProjectConfigurationPlatforms) = postSolution
		{D49414DB-766B-4B86-A041-40B7A275AD54}.Debug|Any CPU.ActiveCfg = Debug|Any CPU
		{D49414DB-766B-4B86-A041-40B7A275AD54}.Debug|Any CPU.Build.0 = Debug|Any CPU
		{D49414DB-766B-4B86-A041-40B7A275AD54}.Release|Any CPU.ActiveCfg = Release|Any CPU
		{D49414DB-766B-4B86-A041-40B7A275AD54}.Release|Any CPU.Build.0 = Release|Any CPU
		{22FD0A52-F42A-448C-9240-21F1338C4636}.Debug|Any CPU.ActiveCfg = Debug|Any CPU
		{22FD0A52-F42A-448C-9240-21F1338C4636}.Debug|Any CPU.Build.0 = Debug|Any CPU
		{22FD0A52-F42A-448C-9240-21F1338C4636}.Release|Any CPU.ActiveCfg = Release|Any CPU
		{22FD0A52-F42A-448C-9240-21F1338C4636}.Release|Any CPU.Build.0 = Release|Any CPU
		{6CC2ECB8-EAF0-40CD-8F7F-A0E257EE69CE}.Debug|Any CPU.ActiveCfg = Debug|Any CPU
		{6CC2ECB8-EAF0-40CD-8F7F-A0E257EE69CE}.Debug|Any CPU.Build.0 = Debug|Any CPU
		{6CC2ECB8-EAF0-40CD-8F7F-A0E257EE69CE}.Release|Any CPU.ActiveCfg = Release|Any CPU
		{6CC2ECB8-EAF0-40CD-8F7F-A0E257EE69CE}.Release|Any CPU.Build.0 = Release|Any CPU
		{746503AE-0D38-4946-9D48-9B0B511D1929}.Debug|Any CPU.ActiveCfg = Debug|Any CPU
		{746503AE-0D38-4946-9D48-9B0B511D1929}.Debug|Any CPU.Build.0 = Debug|Any CPU
		{746503AE-0D38-4946-9D48-9B0B511D1929}.Release|Any CPU.ActiveCfg = Release|Any CPU
		{746503AE-0D38-4946-9D48-9B0B511D1929}.Release|Any CPU.Build.0 = Release|Any CPU
		{4F37F61D-1B69-4E8B-9B0A-3C1299753760}.Debug|Any CPU.ActiveCfg = Debug|Any CPU
		{4F37F61D-1B69-4E8B-9B0A-3C1299753760}.Debug|Any CPU.Build.0 = Debug|Any CPU
		{4F37F61D-1B69-4E8B-9B0A-3C1299753760}.Release|Any CPU.ActiveCfg = Release|Any CPU
		{4F37F61D-1B69-4E8B-9B0A-3C1299753760}.Release|Any CPU.Build.0 = Release|Any CPU
	EndGlobalSection
	GlobalSection(SolutionProperties) = preSolution
		HideSolutionNode = FALSE
	EndGlobalSection
	GlobalSection(NestedProjects) = preSolution
		{D49414DB-766B-4B86-A041-40B7A275AD54} = {72E54C86-B5E0-48DD-8B93-F60B84044905}
		{22FD0A52-F42A-448C-9240-21F1338C4636} = {72E54C86-B5E0-48DD-8B93-F60B84044905}
		{6CC2ECB8-EAF0-40CD-8F7F-A0E257EE69CE} = {41229BC6-50AE-4CE9-A913-2F6D19B8B6FF}
		{746503AE-0D38-4946-9D48-9B0B511D1929} = {98CB60B0-59C2-4135-ABDB-3DF1C1CD724B}
		{4F37F61D-1B69-4E8B-9B0A-3C1299753760} = {98CB60B0-59C2-4135-ABDB-3DF1C1CD724B}
	EndGlobalSection
	GlobalSection(ExtensibilityGlobals) = postSolution
		SolutionGuid = {748CF438-17B3-44CD-9558-DF5202F39E9F}
	EndGlobalSection
EndGlobal
